// !$*UTF8*$!
{
	archiveVersion = 1;
	classes = {
	};
	objectVersion = 50;
	objects = {

/* Begin PBXBuildFile section */
		BF11E1FD26F34B3A00CA71EC /* Exhibition+ExampleData.swift in Sources */ = {isa = PBXBuildFile; fileRef = BF11E1FC26F34B3A00CA71EC /* Exhibition+ExampleData.swift */; };
		BF11E1FF26F34C5200CA71EC /* Exhibition.swift in Sources */ = {isa = PBXBuildFile; fileRef = BF11E1FE26F34C5200CA71EC /* Exhibition.swift */; };
		BF3D241A26F3468500F8BE6E /* MuseumGuideApp.swift in Sources */ = {isa = PBXBuildFile; fileRef = BF3D241926F3468500F8BE6E /* MuseumGuideApp.swift */; };
		BF3D241C26F3468500F8BE6E /* ContentView.swift in Sources */ = {isa = PBXBuildFile; fileRef = BF3D241B26F3468500F8BE6E /* ContentView.swift */; };
		BF3D241E26F3468600F8BE6E /* Assets.xcassets in Resources */ = {isa = PBXBuildFile; fileRef = BF3D241D26F3468600F8BE6E /* Assets.xcassets */; };
		BF3D242126F3468600F8BE6E /* Preview Assets.xcassets in Resources */ = {isa = PBXBuildFile; fileRef = BF3D242026F3468600F8BE6E /* Preview Assets.xcassets */; };
/* End PBXBuildFile section */

/* Begin PBXFileReference section */
		BF11E1FC26F34B3A00CA71EC /* Exhibition+ExampleData.swift */ = {isa = PBXFileReference; lastKnownFileType = sourcecode.swift; path = "Exhibition+ExampleData.swift"; sourceTree = "<group>"; };
		BF11E1FE26F34C5200CA71EC /* Exhibition.swift */ = {isa = PBXFileReference; lastKnownFileType = sourcecode.swift; path = Exhibition.swift; sourceTree = "<group>"; };
		BF3D241626F3468500F8BE6E /* MuseumGuide.app */ = {isa = PBXFileReference; explicitFileType = wrapper.application; includeInIndex = 0; path = MuseumGuide.app; sourceTree = BUILT_PRODUCTS_DIR; };
		BF3D241926F3468500F8BE6E /* MuseumGuideApp.swift */ = {isa = PBXFileReference; lastKnownFileType = sourcecode.swift; path = MuseumGuideApp.swift; sourceTree = "<group>"; };
		BF3D241B26F3468500F8BE6E /* ContentView.swift */ = {isa = PBXFileReference; lastKnownFileType = sourcecode.swift; path = ContentView.swift; sourceTree = "<group>"; };
		BF3D241D26F3468600F8BE6E /* Assets.xcassets */ = {isa = PBXFileReference; lastKnownFileType = folder.assetcatalog; path = Assets.xcassets; sourceTree = "<group>"; };
		BF3D242026F3468600F8BE6E /* Preview Assets.xcassets */ = {isa = PBXFileReference; lastKnownFileType = folder.assetcatalog; path = "Preview Assets.xcassets"; sourceTree = "<group>"; };
		BF3D242226F3468600F8BE6E /* Info.plist */ = {isa = PBXFileReference; lastKnownFileType = text.plist.xml; path = Info.plist; sourceTree = "<group>"; };
/* End PBXFileReference section */

/* Begin PBXFrameworksBuildPhase section */
		BF3D241326F3468500F8BE6E /* Frameworks */ = {
			isa = PBXFrameworksBuildPhase;
			buildActionMask = 2147483647;
			files = (
			);
			runOnlyForDeploymentPostprocessing = 0;
		};
/* End PBXFrameworksBuildPhase section */

/* Begin PBXGroup section */
		BF3D240D26F3468500F8BE6E = {
			isa = PBXGroup;
			children = (
				BF3D241826F3468500F8BE6E /* MuseumGuide */,
				BF3D241726F3468500F8BE6E /* Products */,
			);
			sourceTree = "<group>";
		};
		BF3D241726F3468500F8BE6E /* Products */ = {
			isa = PBXGroup;
			children = (
				BF3D241626F3468500F8BE6E /* MuseumGuide.app */,
			);
			name = Products;
			sourceTree = "<group>";
		};
		BF3D241826F3468500F8BE6E /* MuseumGuide */ = {
			isa = PBXGroup;
			children = (
				BF3D241926F3468500F8BE6E /* MuseumGuideApp.swift */,
				BF3D241B26F3468500F8BE6E /* ContentView.swift */,
				BF11E1FE26F34C5200CA71EC /* Exhibition.swift */,
				BF3D241D26F3468600F8BE6E /* Assets.xcassets */,
				BF3D242226F3468600F8BE6E /* Info.plist */,
				BF3D241F26F3468600F8BE6E /* Preview Content */,
			);
			path = MuseumGuide;
			sourceTree = "<group>";
		};
		BF3D241F26F3468600F8BE6E /* Preview Content */ = {
			isa = PBXGroup;
			children = (
				BF3D242026F3468600F8BE6E /* Preview Assets.xcassets */,
				BF11E1FC26F34B3A00CA71EC /* Exhibition+ExampleData.swift */,
			);
			path = "Preview Content";
			sourceTree = "<group>";
		};
/* End PBXGroup section */

/* Begin PBXNativeTarget section */
		BF3D241526F3468500F8BE6E /* MuseumGuide */ = {
			isa = PBXNativeTarget;
			buildConfigurationList = BF3D242526F3468600F8BE6E /* Build configuration list for PBXNativeTarget "MuseumGuide" */;
			buildPhases = (
				BF3D241226F3468500F8BE6E /* Sources */,
				BF3D241326F3468500F8BE6E /* Frameworks */,
				BF3D241426F3468500F8BE6E /* Resources */,
			);
			buildRules = (
			);
			dependencies = (
			);
			name = MuseumGuide;
			productName = MuseumGuide;
			productReference = BF3D241626F3468500F8BE6E /* MuseumGuide.app */;
			productType = "com.apple.product-type.application";
		};
/* End PBXNativeTarget section */

/* Begin PBXProject section */
		BF3D240E26F3468500F8BE6E /* Project object */ = {
			isa = PBXProject;
			attributes = {
				LastSwiftUpdateCheck = 1250;
				LastUpgradeCheck = 1250;
				TargetAttributes = {
					BF3D241526F3468500F8BE6E = {
						CreatedOnToolsVersion = 12.5.1;
					};
				};
			};
			buildConfigurationList = BF3D241126F3468500F8BE6E /* Build configuration list for PBXProject "MuseumGuide" */;
			compatibilityVersion = "Xcode 9.3";
			developmentRegion = en;
			hasScannedForEncodings = 0;
			knownRegions = (
				en,
				Base,
			);
			mainGroup = BF3D240D26F3468500F8BE6E;
			productRefGroup = BF3D241726F3468500F8BE6E /* Products */;
			projectDirPath = "";
			projectRoot = "";
			targets = (
				BF3D241526F3468500F8BE6E /* MuseumGuide */,
			);
		};
/* End PBXProject section */

/* Begin PBXResourcesBuildPhase section */
		BF3D241426F3468500F8BE6E /* Resources */ = {
			isa = PBXResourcesBuildPhase;
			buildActionMask = 2147483647;
			files = (
				BF3D242126F3468600F8BE6E /* Preview Assets.xcassets in Resources */,
				BF3D241E26F3468600F8BE6E /* Assets.xcassets in Resources */,
			);
			runOnlyForDeploymentPostprocessing = 0;
		};
/* End PBXResourcesBuildPhase section */

/* Begin PBXSourcesBuildPhase section */
		BF3D241226F3468500F8BE6E /* Sources */ = {
			isa = PBXSourcesBuildPhase;
			buildActionMask = 2147483647;
			files = (
				BF3D241C26F3468500F8BE6E /* ContentView.swift in Sources */,
				BF11E1FD26F34B3A00CA71EC /* Exhibition+ExampleData.swift in Sources */,
				BF11E1FF26F34C5200CA71EC /* Exhibition.swift in Sources */,
				BF3D241A26F3468500F8BE6E /* MuseumGuideApp.swift in Sources */,
			);
			runOnlyForDeploymentPostprocessing = 0;
		};
/* End PBXSourcesBuildPhase section */

/* Begin XCBuildConfiguration section */
		BF3D242326F3468600F8BE6E /* Debug */ = {
			isa = XCBuildConfiguration;
			buildSettings = {
				ALWAYS_SEARCH_USER_PATHS = NO;
				CLANG_ANALYZER_NONNULL = YES;
				CLANG_ANALYZER_NUMBER_OBJECT_CONVERSION = YES_AGGRESSIVE;
				CLANG_CXX_LANGUAGE_STANDARD = "gnu++14";
				CLANG_CXX_LIBRARY = "libc++";
				CLANG_ENABLE_MODULES = YES;
				CLANG_ENABLE_OBJC_ARC = YES;
				CLANG_ENABLE_OBJC_WEAK = YES;
				CLANG_WARN_BLOCK_CAPTURE_AUTORELEASING = YES;
				CLANG_WARN_BOOL_CONVERSION = YES;
				CLANG_WARN_COMMA = YES;
				CLANG_WARN_CONSTANT_CONVERSION = YES;
				CLANG_WARN_DEPRECATED_OBJC_IMPLEMENTATIONS = YES;
				CLANG_WARN_DIRECT_OBJC_ISA_USAGE = YES_ERROR;
				CLANG_WARN_DOCUMENTATION_COMMENTS = YES;
				CLANG_WARN_EMPTY_BODY = YES;
				CLANG_WARN_ENUM_CONVERSION = YES;
				CLANG_WARN_INFINITE_RECURSION = YES;
				CLANG_WARN_INT_CONVERSION = YES;
				CLANG_WARN_NON_LITERAL_NULL_CONVERSION = YES;
				CLANG_WARN_OBJC_IMPLICIT_RETAIN_SELF = YES;
				CLANG_WARN_OBJC_LITERAL_CONVERSION = YES;
				CLANG_WARN_OBJC_ROOT_CLASS = YES_ERROR;
				CLANG_WARN_QUOTED_INCLUDE_IN_FRAMEWORK_HEADER = YES;
				CLANG_WARN_RANGE_LOOP_ANALYSIS = YES;
				CLANG_WARN_STRICT_PROTOTYPES = YES;
				CLANG_WARN_SUSPICIOUS_MOVE = YES;
				CLANG_WARN_UNGUARDED_AVAILABILITY = YES_AGGRESSIVE;
				CLANG_WARN_UNREACHABLE_CODE = YES;
				CLANG_WARN__DUPLICATE_METHOD_MATCH = YES;
				COPY_PHASE_STRIP = NO;
				DEBUG_INFORMATION_FORMAT = dwarf;
				ENABLE_STRICT_OBJC_MSGSEND = YES;
				ENABLE_TESTABILITY = YES;
				GCC_C_LANGUAGE_STANDARD = gnu11;
				GCC_DYNAMIC_NO_PIC = NO;
				GCC_NO_COMMON_BLOCKS = YES;
				GCC_OPTIMIZATION_LEVEL = 0;
				GCC_PREPROCESSOR_DEFINITIONS = (
					"DEBUG=1",
					"$(inherited)",
				);
				GCC_WARN_64_TO_32_BIT_CONVERSION = YES;
				GCC_WARN_ABOUT_RETURN_TYPE = YES_ERROR;
				GCC_WARN_UNDECLARED_SELECTOR = YES;
				GCC_WARN_UNINITIALIZED_AUTOS = YES_AGGRESSIVE;
				GCC_WARN_UNUSED_FUNCTION = YES;
				GCC_WARN_UNUSED_VARIABLE = YES;
				IPHONEOS_DEPLOYMENT_TARGET = 14.5;
				MTL_ENABLE_DEBUG_INFO = INCLUDE_SOURCE;
				MTL_FAST_MATH = YES;
				ONLY_ACTIVE_ARCH = YES;
				SDKROOT = iphoneos;
				SWIFT_ACTIVE_COMPILATION_CONDITIONS = DEBUG;
				SWIFT_OPTIMIZATION_LEVEL = "-Onone";
			};
			name = Debug;
		};
		BF3D242426F3468600F8BE6E /* Release */ = {
			isa = XCBuildConfiguration;
			buildSettings = {
				ALWAYS_SEARCH_USER_PATHS = NO;
				CLANG_ANALYZER_NONNULL = YES;
				CLANG_ANALYZER_NUMBER_OBJECT_CONVERSION = YES_AGGRESSIVE;
				CLANG_CXX_LANGUAGE_STANDARD = "gnu++14";
				CLANG_CXX_LIBRARY = "libc++";
				CLANG_ENABLE_MODULES = YES;
				CLANG_ENABLE_OBJC_ARC = YES;
				CLANG_ENABLE_OBJC_WEAK = YES;
				CLANG_WARN_BLOCK_CAPTURE_AUTORELEASING = YES;
				CLANG_WARN_BOOL_CONVERSION = YES;
				CLANG_WARN_COMMA = YES;
				CLANG_WARN_CONSTANT_CONVERSION = YES;
				CLANG_WARN_DEPRECATED_OBJC_IMPLEMENTATIONS = YES;
				CLANG_WARN_DIRECT_OBJC_ISA_USAGE = YES_ERROR;
				CLANG_WARN_DOCUMENTATION_COMMENTS = YES;
				CLANG_WARN_EMPTY_BODY = YES;
				CLANG_WARN_ENUM_CONVERSION = YES;
				CLANG_WARN_INFINITE_RECURSION = YES;
				CLANG_WARN_INT_CONVERSION = YES;
				CLANG_WARN_NON_LITERAL_NULL_CONVERSION = YES;
				CLANG_WARN_OBJC_IMPLICIT_RETAIN_SELF = YES;
				CLANG_WARN_OBJC_LITERAL_CONVERSION = YES;
				CLANG_WARN_OBJC_ROOT_CLASS = YES_ERROR;
				CLANG_WARN_QUOTED_INCLUDE_IN_FRAMEWORK_HEADER = YES;
				CLANG_WARN_RANGE_LOOP_ANALYSIS = YES;
				CLANG_WARN_STRICT_PROTOTYPES = YES;
				CLANG_WARN_SUSPICIOUS_MOVE = YES;
				CLANG_WARN_UNGUARDED_AVAILABILITY = YES_AGGRESSIVE;
				CLANG_WARN_UNREACHABLE_CODE = YES;
				CLANG_WARN__DUPLICATE_METHOD_MATCH = YES;
				COPY_PHASE_STRIP = NO;
				DEBUG_INFORMATION_FORMAT = "dwarf-with-dsym";
				ENABLE_NS_ASSERTIONS = NO;
				ENABLE_STRICT_OBJC_MSGSEND = YES;
				GCC_C_LANGUAGE_STANDARD = gnu11;
				GCC_NO_COMMON_BLOCKS = YES;
				GCC_WARN_64_TO_32_BIT_CONVERSION = YES;
				GCC_WARN_ABOUT_RETURN_TYPE = YES_ERROR;
				GCC_WARN_UNDECLARED_SELECTOR = YES;
				GCC_WARN_UNINITIALIZED_AUTOS = YES_AGGRESSIVE;
				GCC_WARN_UNUSED_FUNCTION = YES;
				GCC_WARN_UNUSED_VARIABLE = YES;
				IPHONEOS_DEPLOYMENT_TARGET = 14.5;
				MTL_ENABLE_DEBUG_INFO = NO;
				MTL_FAST_MATH = YES;
				SDKROOT = iphoneos;
				SWIFT_COMPILATION_MODE = wholemodule;
				SWIFT_OPTIMIZATION_LEVEL = "-O";
				VALIDATE_PRODUCT = YES;
			};
			name = Release;
		};
		BF3D242626F3468600F8BE6E /* Debug */ = {
			isa = XCBuildConfiguration;
			buildSettings = {
				ASSETCATALOG_COMPILER_APPICON_NAME = AppIcon;
				ASSETCATALOG_COMPILER_GLOBAL_ACCENT_COLOR_NAME = AccentColor;
				CODE_SIGN_STYLE = Automatic;
				DEVELOPMENT_ASSET_PATHS = "\"MuseumGuide/Preview Content\"";
				ENABLE_PREVIEWS = YES;
				INFOPLIST_FILE = MuseumGuide/Info.plist;
				IPHONEOS_DEPLOYMENT_TARGET = 14.0;
				LD_RUNPATH_SEARCH_PATHS = (
					"$(inherited)",
					"@executable_path/Frameworks",
				);
				PRODUCT_BUNDLE_IDENTIFIER = com.example.MuseumGuide;
				PRODUCT_NAME = "$(TARGET_NAME)";
				SWIFT_VERSION = 5.0;
				TARGETED_DEVICE_FAMILY = "1,2";
			};
			name = Debug;
		};
		BF3D242726F3468600F8BE6E /* Release */ = {
			isa = XCBuildConfiguration;
			buildSettings = {
				ASSETCATALOG_COMPILER_APPICON_NAME = AppIcon;
				ASSETCATALOG_COMPILER_GLOBAL_ACCENT_COLOR_NAME = AccentColor;
				CODE_SIGN_STYLE = Automatic;
				DEVELOPMENT_ASSET_PATHS = "\"MuseumGuide/Preview Content\"";
				ENABLE_PREVIEWS = YES;
				INFOPLIST_FILE = MuseumGuide/Info.plist;
				IPHONEOS_DEPLOYMENT_TARGET = 14.0;
				LD_RUNPATH_SEARCH_PATHS = (
					"$(inherited)",
					"@executable_path/Frameworks",
				);
				PRODUCT_BUNDLE_IDENTIFIER = com.example.MuseumGuide;
				PRODUCT_NAME = "$(TARGET_NAME)";
				SWIFT_VERSION = 5.0;
				TARGETED_DEVICE_FAMILY = "1,2";
			};
			name = Release;
		};
/* End XCBuildConfiguration section */

/* Begin XCConfigurationList section */
		BF3D241126F3468500F8BE6E /* Build configuration list for PBXProject "MuseumGuide" */ = {
			isa = XCConfigurationList;
			buildConfigurations = (
				BF3D242326F3468600F8BE6E /* Debug */,
				BF3D242426F3468600F8BE6E /* Release */,
			);
			defaultConfigurationIsVisible = 0;
			defaultConfigurationName = Release;
		};
		BF3D242526F3468600F8BE6E /* Build configuration list for PBXNativeTarget "MuseumGuide" */ = {
			isa = XCConfigurationList;
			buildConfigurations = (
				BF3D242626F3468600F8BE6E /* Debug */,
				BF3D242726F3468600F8BE6E /* Release */,
			);
			defaultConfigurationIsVisible = 0;
			defaultConfigurationName = Release;
		};
/* End XCConfigurationList section */
	};
	rootObject = BF3D240E26F3468500F8BE6E /* Project object */;
}
