{
  "originHash" : "7b138c51a514e83a8720d5afe130820ebeb3f94816e08fbe964280756ca50213",
  "pins" : [
    {
      "identity" : "asyncview",
      "kind" : "remoteSourceControl",
      "location" : "https://github.com/ralfebert/AsyncView",
      "state" : {
        "revision" : "0dcdfa0bf2e3f12f6cb1d861b46325009c42c6f0",
        "version" : "0.6.0"
      }
    },
    {
      "identity" : "metmuseumendpoints",
      "kind" : "remoteSourceControl",
      "location" : "https://github.com/ralfebert/MetMuseumEndpoints/",
      "state" : {
        "revision" : "a55b762e7d2c1cd24aa263ac68c729129092599a",
        "version" : "0.0.4"
      }
    },
    {
      "identity" : "sweeturlrequest",
      "kind" : "remoteSourceControl",
      "location" : "https://github.com/ralfebert/SweetURLRequest.git",
      "state" : {
        "revision" : "72115bad4cc14b021dab4b8f6badc823e4364628",
        "version" : "1.0.0"
      }
    }
  ],
  "version" : 3
}
