{
  "object": {
    "pins": [
      {
        "package": "AsyncModel",
        "repositoryURL": "https://github.com/ralfebert/AsyncModel.git",
        "state": {
          "branch": null,
          "revision": "12cad30d952ab3dba15d0e8d93f1a4a88e17660a",
          "version": "0.0.3"
        }
      },
      {
        "package": "MetMuseumEndpoints",
        "repositoryURL": "https://github.com/ralfebert/MetMuseumEndpoints",
        "state": {
          "branch": null,
          "revision": "f53f4eee195982173c28172d1166e49c0c6ef069",
          "version": "0.0.2"
        }
      },
      {
        "package": "SweetURLRequest",
        "repositoryURL": "https://github.com/ralfebert/SweetURLRequest.git",
        "state": {
          "branch": null,
          "revision": "68b67b9eec051a729431e442571abcc2c54d3838",
          "version": "0.1.14"
        }
      }
    ]
  },
  "version": 1
}
